%{"distillery": {:hex, :distillery, "1.5.2", "eec18b2d37b55b0bcb670cf2bcf64228ed38ce8b046bb30a9b636a6f5a4c0080", [], [], "hexpm"},
  "mix_docker": {:hex, :mix_docker, "0.5.0", "c7ad34008c43d4a949d69721f39c4d2a2afc509c179926a683117ea8dff8af59", [], [{:distillery, "~> 1.2", [hex: :distillery, repo: "hexpm", optional: false]}], "hexpm"}}
